
Microsoft Visual Studio Solution File, Format Version 12.00
# Visual Studio Version 16
VisualStudioVersion = 16.0.29519.87
MinimumVisualStudioVersion = 10.0.40219.1
Project("{FAE04EC0-301F-11D3-BF4B-00C04F79EFBC}") = "ClientServerApp", "ClientServerApp.csproj", "{72302EA0-D852-4427-957D-484754DA55FC}"
EndProject
Global
	GlobalSection(SolutionConfigurationPlatforms) = preSolution
		Debug|Any CPU = Debug|Any CPU
		Release|Any CPU = Release|Any CPU
	EndGlobalSection
	GlobalSection(ProjectConfigurationPlatforms) = postSolution
		{72302EA0-D852-4427-957D-484754DA55FC}.Debug|Any CPU.ActiveCfg = Debug|Any CPU
		{72302EA0-D852-4427-957D-484754DA55FC}.Debug|Any CPU.Build.0 = Debug|Any CPU
		{72302EA0-D852-4427-957D-484754DA55FC}.Release|Any CPU.ActiveCfg = Release|Any CPU
		{72302EA0-D852-4427-957D-484754DA55FC}.Release|Any CPU.Build.0 = Release|Any CPU
	EndGlobalSection
	GlobalSection(SolutionProperties) = preSolution
		HideSolutionNode = FALSE
	EndGlobalSection
	GlobalSection(ExtensibilityGlobals) = postSolution
		SolutionGuid = {38DD3F34-CAC9-4A63-A2E0-206B5854B55C}
	EndGlobalSection
EndGlobal
